
Microsoft Visual Studio Solution File, Format Version 12.00
# Visual Studio Version 17
VisualStudioVersion = 17.0.31717.71
MinimumVisualStudioVersion = 10.0.40219.1
Project("{FAE04EC0-301F-11D3-BF4B-00C04F79EFBC}") = "CalculadoraDeImpostos", "CalculadoraDeImpostos\CalculadoraDeImpostos.csproj", "{B040C870-02EC-4A49-8113-4485A5E9103E}"
EndProject
Global
	GlobalSection(SolutionConfigurationPlatforms) = preSolution
		Debug|Any CPU = Debug|Any CPU
		Release|Any CPU = Release|Any CPU
	EndGlobalSection
	GlobalSection(ProjectConfigurationPlatforms) = postSolution
		{B040C870-02EC-4A49-8113-4485A5E9103E}.Debug|Any CPU.ActiveCfg = Debug|Any CPU
		{B040C870-02EC-4A49-8113-4485A5E9103E}.Debug|Any CPU.Build.0 = Debug|Any CPU
		{B040C870-02EC-4A49-8113-4485A5E9103E}.Release|Any CPU.ActiveCfg = Release|Any CPU
		{B040C870-02EC-4A49-8113-4485A5E9103E}.Release|Any CPU.Build.0 = Release|Any CPU
	EndGlobalSection
	GlobalSection(SolutionProperties) = preSolution
		HideSolutionNode = FALSE
	EndGlobalSection
	GlobalSection(ExtensibilityGlobals) = postSolution
		SolutionGuid = {87086F6F-16B9-4E76-9B52-65D2D85F0711}
	EndGlobalSection
EndGlobal
